
Microsoft Visual Studio Solution File, Format Version 12.00
# Visual Studio Version 16
VisualStudioVersion = 16.0.30804.86
MinimumVisualStudioVersion = 10.0.40219.1
Project("{FAE04EC0-301F-11D3-BF4B-00C04F79EFBC}") = "DaveNJohn", "DaveNJohn\DaveNJohn.csproj", "{244D07F6-13F3-4578-9831-A36819DBCA33}"
EndProject
Global
	GlobalSection(SolutionConfigurationPlatforms) = preSolution
		Debug|Any CPU = Debug|Any CPU
		Release|Any CPU = Release|Any CPU
	EndGlobalSection
	GlobalSection(ProjectConfigurationPlatforms) = postSolution
		{244D07F6-13F3-4578-9831-A36819DBCA33}.Debug|Any CPU.ActiveCfg = Debug|Any CPU
		{244D07F6-13F3-4578-9831-A36819DBCA33}.Debug|Any CPU.Build.0 = Debug|Any CPU
		{244D07F6-13F3-4578-9831-A36819DBCA33}.Release|Any CPU.ActiveCfg = Release|Any CPU
		{244D07F6-13F3-4578-9831-A36819DBCA33}.Release|Any CPU.Build.0 = Release|Any CPU
	EndGlobalSection
	GlobalSection(SolutionProperties) = preSolution
		HideSolutionNode = FALSE
	EndGlobalSection
	GlobalSection(ExtensibilityGlobals) = postSolution
		SolutionGuid = {17CADCD9-E0B8-4547-820D-2361DF979CE0}
	EndGlobalSection
EndGlobal
